github.com/absfs/absfs v0.0.0-20200602175035-e49edc9fef15 h1:tcUuSvytlUEjm5D1qu7beKnaPf/uWtNXVutHxXqVJ6A=
github.com/absfs/absfs v0.0.0-20200602175035-e49edc9fef15/go.mod h1:EcuvbVuyyWyu+g4ACjKzyUypG60qSvorqC/hjByBEqY=
github.com/absfs/fstesting v0.0.0-20180810212821-8b575cdeb80d h1:EVkAQkoP/iYX7WpkSgaSkHr5AgDdzxR06Hmy+bu4YpU=
github.com/absfs/fstesting v0.0.0-20180810212821-8b575cdeb80d/go.mod h1:Ib9xUBFJeggV+KCP6/90/ymnt4Siu6V1vBFJrrT1y/s=
github.com/absfs/inode v0.0.0-20190804195220-b7cd14cdd0dc h1:KjciuTgBUzV6RfeVLd/Ijhy9Iq7z0JoJ44te3fZaaNE=
github.com/absfs/inode v0.0.0-20190804195220-b7cd14cdd0dc/go.mod h1:lc9vQxyCSyrjclBTgazRvacmElJLj7VfpDmgDnL77o0=
github.com/absfs/memfs v0.0.0-20190429000831-6a320d582782 h1:ZMk6TTOF8nbtuKMQvjL9Hyxno+l2CcfbM6PpZOMbua8=
github.com/absfs/memfs v0.0.0-20190429000831-6a320d582782/go.mod h1:ZF+JG90ujrBa3hNBmMihd6HEB8ALIL+u0D2qfKY5d9M=
github.com/absfs/osfs v0.0.0-20210816191758-403afc5396f8 h1:DX00H7BAKot581+cWgL8ZnIMTMaLFwuO4qDmBYvGWRE=
github.com/absfs/osfs v0.0.0-20210816191758-403afc5396f8/go.mod h1:IIzwVILCbb3j0VHjcAQ7Xwpdz1h57eUzZil7DCIel/c=
github.com/fatih/color v1.12.0 h1:mRhaKNwANqRgUBGKmnI5ZxEk7QXmjQeCcuYFMX2bfcc=
github.com/fatih/color v1.12.0/go.mod h1:ELkj/draVOlAH/xkhN6mQ50Qd0MPOk5AAr3maGEBuJM=
github.com/mattn/go-colorable v0.1.8 h1:c1ghPdyEDarC70ftn0y+A/Ee++9zz8ljHG1b13eJ0s8=
github.com/mattn/go-colorable v0.1.8/go.mod h1:u6P/XSegPjTcexA+o6vUJrdnUu04hMope9wVRipJSqc=
github.com/mattn/go-isatty v0.0.12 h1:wuysRhFDzyxgEmMf5xjvJ2M9dZoWAXNNr5LSBS7uHXY=
github.com/mattn/go-isatty v0.0.12/go.mod h1:cbi8OIDigv2wuxKPP5vlRcQ1OAZbq2CE4Kysco4FUpU=
github.com/ogier/pflag v0.0.1 h1:RW6JSWSu/RkSatfcLtogGfFgpim5p7ARQ10ECk5O750=
github.com/ogier/pflag v0.0.1/go.mod h1:zkFki7tvTa0tafRvTBIZTvzYyAu6kQhPZFnshFFPE+g=
github.com/xtgo/set v1.0.0 h1:6BCNBRv3ORNDQ7fyoJXRv+tstJz3m1JVFQErfeZz2pY=
github.com/xtgo/set v1.0.0/go.mod h1:d3NHzGzSa0NmB2NhFyECA+QdRp29oEn2xbT+TpeFoM8=
go.etcd.io/bbolt v1.3.6 h1:/ecaJf0sk1l4l6V4awd65v2C3ILy7MSj+s/x1ADCIMU=
go.etcd.io/bbolt v1.3.6/go.mod h1:qXsaaIqmgQH0T+OPdb99Bf+PKfBBQVAdyD6TY9G8XM4=
go.etcd.io/bbolt v1.4.2 h1:IrUHp260R8c+zYx/Tm8QZr04CX+qWS5PGfPdevhdm1I=
go.etcd.io/bbolt v1.4.2/go.mod h1:Is8rSHO/b4f3XigBC0lL0+4FwAQv3HXEEIgFMuKHceM=
golang.org/x/crypto v0.40.0 h1:r4x+VvoG5Fm+eJcxMaY8CQM7Lb0l1lsmjGBQ6s8BfKM=
golang.org/x/crypto v0.40.0/go.mod h1:Qr1vMER5WyS2dfPHAlsOj01wgLbsyWtFn/aY+5+ZdxY=
golang.org/x/sys v0.0.0-20200116001909-b77594299b42/go.mod h1:h1NjWce9XRLGQEsW7wpKNCjG9DtNlClVuFLEZdDNbEs=
golang.org/x/sys v0.0.0-20200223170610-d5e6a3e2c0ae/go.mod h1:h1NjWce9XRLGQEsW7wpKNCjG9DtNlClVuFLEZdDNbEs=
golang.org/x/sys v0.0.0-20200923182605-d9f96fdee20d/go.mod h1:h1NjWce9XRLGQEsW7wpKNCjG9DtNlClVuFLEZdDNbEs=
golang.org/x/sys v0.34.0 h1:H5Y5sJ2L2JRdyv7ROF1he/lPdvFsd0mJHFw2ThKHxLA=
golang.org/x/sys v0.34.0/go.mod h1:BJP2sWEmIv4KK5OTEluFJCKSidICx8ciO85XgH3Ak8k=
golang.org/x/term v0.33.0 h1:NuFncQrRcaRvVmgRkvM3j/F00gWIAlcmlB8ACEKmGIg=
golang.org/x/term v0.33.0/go.mod h1:s18+ql9tYWp1IfpV9DmCtQDDSRBUjKaw9M1eAv5UeF0=
