github.com/absfs/absfs v1.0.0 h1:T+OoA3wbDimdMXt5y2IpGss1qBHF9UbK0XfxXwCyu/c=
github.com/absfs/absfs v1.0.0/go.mod h1:30jxoFsix2CEDiZdsZD6KCOm6F+SCO/JVK3CFrj1SVo=
github.com/absfs/fstesting v0.9.1 h1:xVZzyp1JtPqzbShhvP5WlTXxNiUaThMnTyQpgbIkkh4=
github.com/absfs/fstesting v0.9.1/go.mod h1:2hCAgPZAk8bqzoYsKX7vk/9e2760KK1Fzz+g+QEKVhI=
github.com/absfs/fstools v0.9.1 h1:TGSlOpPbEMZnXikpseANJ0tm/E7l72vYySnU49KxP4Y=
github.com/absfs/fstools v0.9.1/go.mod h1:KQVk2BrHQLScHpGQz1bgvqklysYvfklGe8QxUCbfBuc=
github.com/absfs/inode v1.0.0 h1:Kr0xWyXFb82DHMAuvZCbVc54s8kxO4qSoayzbVYg45g=
github.com/absfs/inode v1.0.0/go.mod h1:0wHDtqGbzVMIXO3pIIsc0CbMOuwjemn74fCNuus9dEw=
github.com/absfs/memfs v1.0.0 h1:1D6NWQSnLEXhlK1fCgj5hvKL6NGLYQA7E32n4b5E/Wk=
github.com/absfs/memfs v1.0.0/go.mod h1:lrn84KxZNRbBWaNXqtiRbQEmAmZSxKFU5a5+CJoYObI=
github.com/klauspost/cpuid/v2 v2.0.9 h1:lgaqFMSdTdQYdZ04uHyN2d/eKdOMyi2YLSvlQIBFYa4=
github.com/klauspost/cpuid/v2 v2.0.9/go.mod h1:FInQzS24/EEf25PyTYn52gqo7WaD8xa0213Md/qVLRg=
github.com/spf13/pflag v1.0.7 h1:vN6T9TfwStFPFM5XzjsvmzZkLuaLX+HS+0SeFLRgU6M=
github.com/spf13/pflag v1.0.7/go.mod h1:McXfInJRrz4CZXVZOBLb0bTZqETkiAhM9Iw0y3An2Bg=
github.com/zeebo/assert v1.3.0 h1:g7C04CbJuIDKNPFHmsk4hwZDO5O+kntRxzaUoNXj+IQ=
github.com/zeebo/assert v1.3.0/go.mod h1:Pq9JiuJQpG8JLJdtkwrJESF0Foym2/D9XMU5ciN/wJ0=
github.com/zeebo/xxh3 v1.0.2 h1:xZmwmqxHZA8AI603jOQ0tMqmBr9lPeFwGg6d+xy9DC0=
github.com/zeebo/xxh3 v1.0.2/go.mod h1:5NWz9Sef7zIDm2JHfFlcQvNekmcEl9ekUZQQKCYaDcA=
gopkg.in/check.v1 v0.0.0-20161208181325-20d25e280405/go.mod h1:Co6ibVJAznAaIkqp8huTwlJQCZ016jof/cbN4VW5Yz0=
gopkg.in/yaml.v3 v3.0.1 h1:fxVm/GzAzEWqLHuvctI91KS9hhNmmWOoWu0XTYJS7CA=
gopkg.in/yaml.v3 v3.0.1/go.mod h1:K4uyk7z7BCEPqu6E+C64Yfv1cQ7kz7rIZviUmN+EgEM=
